
Microsoft Visual Studio Solution File, Format Version 12.00
# Visual Studio Version 16
VisualStudioVersion = 16.0.31515.178
MinimumVisualStudioVersion = 10.0.40219.1
Project("{FAE04EC0-301F-11D3-BF4B-00C04F79EFBC}") = "HospitalV1", "HospitalV1\HospitalV1.csproj", "{855E50D1-52C5-45C5-A00C-D731AFF36DF0}"
EndProject
Project("{FAE04EC0-301F-11D3-BF4B-00C04F79EFBC}") = "Classes", "Classes\Classes.csproj", "{46C7BE77-CECF-4E87-BA89-7A713B785053}"
EndProject
Global
	GlobalSection(SolutionConfigurationPlatforms) = preSolution
		Debug|Any CPU = Debug|Any CPU
		Release|Any CPU = Release|Any CPU
	EndGlobalSection
	GlobalSection(ProjectConfigurationPlatforms) = postSolution
		{855E50D1-52C5-45C5-A00C-D731AFF36DF0}.Debug|Any CPU.ActiveCfg = Debug|Any CPU
		{855E50D1-52C5-45C5-A00C-D731AFF36DF0}.Debug|Any CPU.Build.0 = Debug|Any CPU
		{855E50D1-52C5-45C5-A00C-D731AFF36DF0}.Release|Any CPU.ActiveCfg = Release|Any CPU
		{855E50D1-52C5-45C5-A00C-D731AFF36DF0}.Release|Any CPU.Build.0 = Release|Any CPU
		{46C7BE77-CECF-4E87-BA89-7A713B785053}.Debug|Any CPU.ActiveCfg = Debug|Any CPU
		{46C7BE77-CECF-4E87-BA89-7A713B785053}.Debug|Any CPU.Build.0 = Debug|Any CPU
		{46C7BE77-CECF-4E87-BA89-7A713B785053}.Release|Any CPU.ActiveCfg = Release|Any CPU
		{46C7BE77-CECF-4E87-BA89-7A713B785053}.Release|Any CPU.Build.0 = Release|Any CPU
	EndGlobalSection
	GlobalSection(SolutionProperties) = preSolution
		HideSolutionNode = FALSE
	EndGlobalSection
	GlobalSection(ExtensibilityGlobals) = postSolution
		SolutionGuid = {BAC12C12-247F-48D9-8E77-7557C80FF345}
	EndGlobalSection
EndGlobal
